<Solution>
  <Project Path="projects\Api\Api.csproj" Type="Classic C#" />
  <Project Path="projects\AppHost\AppHost.csproj" Type="Classic C#" />
  <Project Path="projects\NashGarage.AspNetCore.Identity\NashGarage.AspNetCore.Identity.csproj" Type="Classic C#" />
  <Project Path="projects\web-ui\web-ui.esproj" Type="{54A90642-561A-4BB1-A94E-469ADEE60C69}" />
</Solution>