<Solution>
  <Project Path="projects\Api\Api.csproj" Type="Classic C#" />
  <Project Path="projects\AppHost\AppHost.csproj" Type="Classic C#" />
  <Project Path="projects\Scribe.Tests\Scribe.Tests.csproj" Type="Classic C#" />
  <Project Path="projects\ScribeDbManager\ScribeDbManager.csproj" Type="Classic C#" />
  <Project Path="projects\Scribe\Scribe.csproj" Type="Classic C#" />
  <Project Path="projects\ServiceDefaults\ServiceDefaults.csproj" Type="Classic C#" />
</Solution>